
Microsoft Visual Studio Solution File, Format Version 12.00
# Visual Studio Version 17
VisualStudioVersion = 17.8.34330.188
MinimumVisualStudioVersion = 10.0.40219.1
Project("{9A19103F-16F7-4668-BE54-9A1E7A4F7556}") = "PasswordEncryptionDecryption", "PasswordEncryptionDecryption\PasswordEncryptionDecryption.csproj", "{4CA72FC0-1F80-47B4-A1AA-6A6E7EFF52A0}"
EndProject
Project("{2150E333-8FDC-42A3-9474-1A3956D46DE8}") = "Solution Items", "Solution Items", "{4BF69723-501F-4237-9381-945B8E38E2C7}"
	ProjectSection(SolutionItems) = preProject
		.editorconfig = .editorconfig
	EndProjectSection
EndProject
Global
	GlobalSection(SolutionConfigurationPlatforms) = preSolution
		Debug|Any CPU = Debug|Any CPU
		Release|Any CPU = Release|Any CPU
	EndGlobalSection
	GlobalSection(ProjectConfigurationPlatforms) = postSolution
		{4CA72FC0-1F80-47B4-A1AA-6A6E7EFF52A0}.Debug|Any CPU.ActiveCfg = Debug|Any CPU
		{4CA72FC0-1F80-47B4-A1AA-6A6E7EFF52A0}.Debug|Any CPU.Build.0 = Debug|Any CPU
		{4CA72FC0-1F80-47B4-A1AA-6A6E7EFF52A0}.Release|Any CPU.ActiveCfg = Release|Any CPU
		{4CA72FC0-1F80-47B4-A1AA-6A6E7EFF52A0}.Release|Any CPU.Build.0 = Release|Any CPU
	EndGlobalSection
	GlobalSection(SolutionProperties) = preSolution
		HideSolutionNode = FALSE
	EndGlobalSection
	GlobalSection(ExtensibilityGlobals) = postSolution
		SolutionGuid = {233B2DEE-1D8F-4BFD-A237-9B4CEC20D8C4}
	EndGlobalSection
EndGlobal
